{
    "_readme": [
        "This file locks the dependencies of your project to a known state",
        "Read more about it at https://getcomposer.org/doc/01-basic-usage.md#installing-dependencies",
        "This file is @generated automatically"
    ],
    "content-hash": "757e8ac7948d36900401bc624d5234f1",
    "packages": [
        {
            "name": "auguzsto/job",
            "version": "1.0.6",
            "source": {
                "type": "git",
                "url": "https://github.com/auguzsto/job.git",
                "reference": "09baef3c8b1c15d2f911693b0d12728f6fe0f93a"
            },
            "dist": {
                "type": "zip",
                "url": "https://api.github.com/repos/auguzsto/job/zipball/09baef3c8b1c15d2f911693b0d12728f6fe0f93a",
                "reference": "09baef3c8b1c15d2f911693b0d12728f6fe0f93a",
                "shasum": ""
            },
            "require": {
                "composer-runtime-api": "^2.2.2",
                "php": ">=8.3"
            },
            "require-dev": {
                "phpunit/phpunit": "^12"
            },
            "type": "library",
            "autoload": {
                "psr-4": {
                    "Auguzsto\\Job\\": "src/",
                    "Auguzsto\\Job\\Tests\\": "tests/"
                }
            },
            "notification-url": "https://packagist.org/downloads/",
            "license": [
                "MIT"
            ],
            "authors": [
                {
                    "name": "Matheus Augusto",
                    "email": "auguzsto@gmail.com"
                }
            ],
            "description": "A simple and elegant tool for running background processes without the need for external libraries.",
            "support": {
                "issues": "https://github.com/auguzsto/job/issues",
                "source": "https://github.com/auguzsto/job/tree/1.0.6"
            },
            "time": "2025-09-25T18:52:23+00:00"
        }
    ],
    "packages-dev": [],
    "aliases": [],
    "minimum-stability": "stable",
    "stability-flags": {},
    "prefer-stable": false,
    "prefer-lowest": false,
    "platform": {},
    "platform-dev": {},
    "plugin-api-version": "2.6.0"
}
